
Microsoft Visual Studio Solution File, Format Version 12.00
# Visual Studio Version 17
VisualStudioVersion = 17.13.35825.156 d17.13
MinimumVisualStudioVersion = 10.0.40219.1
Project("{FAE04EC0-301F-11D3-BF4B-00C04F79EFBC}") = "Mitimes", "Mitimes\Mitimes.csproj", "{4A9663EB-14D4-472A-9AEC-FBE03F3158F0}"
EndProject
Global
	GlobalSection(SolutionConfigurationPlatforms) = preSolution
		Debug|Any CPU = Debug|Any CPU
		Release|Any CPU = Release|Any CPU
	EndGlobalSection
	GlobalSection(ProjectConfigurationPlatforms) = postSolution
		{4A9663EB-14D4-472A-9AEC-FBE03F3158F0}.Debug|Any CPU.ActiveCfg = Debug|Any CPU
		{4A9663EB-14D4-472A-9AEC-FBE03F3158F0}.Debug|Any CPU.Build.0 = Debug|Any CPU
		{4A9663EB-14D4-472A-9AEC-FBE03F3158F0}.Release|Any CPU.ActiveCfg = Release|Any CPU
		{4A9663EB-14D4-472A-9AEC-FBE03F3158F0}.Release|Any CPU.Build.0 = Release|Any CPU
	EndGlobalSection
	GlobalSection(SolutionProperties) = preSolution
		HideSolutionNode = FALSE
	EndGlobalSection
	GlobalSection(ExtensibilityGlobals) = postSolution
		SolutionGuid = {3F22E345-0C1F-4C02-931A-01F243D87D9F}
	EndGlobalSection
EndGlobal
